
Microsoft Visual Studio Solution File, Format Version 12.00
# Visual Studio Version 17
VisualStudioVersion = 17.1.32421.90
MinimumVisualStudioVersion = 10.0.40219.1
Project("{9A19103F-16F7-4668-BE54-9A1E7A4F7556}") = "Technology", "Technology\Technology.csproj", "{5684C160-8C3A-49E6-80A6-2EADB7F300E1}"
EndProject
Project("{FAE04EC0-301F-11D3-BF4B-00C04F79EFBC}") = "TechTest", "TechTest\TechTest.csproj", "{BF896C0B-8E21-4BBD-9CB0-D6ED1332BBEF}"
EndProject
Global
	GlobalSection(SolutionConfigurationPlatforms) = preSolution
		Debug|Any CPU = Debug|Any CPU
		Release|Any CPU = Release|Any CPU
	EndGlobalSection
	GlobalSection(ProjectConfigurationPlatforms) = postSolution
		{5684C160-8C3A-49E6-80A6-2EADB7F300E1}.Debug|Any CPU.ActiveCfg = Debug|Any CPU
		{5684C160-8C3A-49E6-80A6-2EADB7F300E1}.Debug|Any CPU.Build.0 = Debug|Any CPU
		{5684C160-8C3A-49E6-80A6-2EADB7F300E1}.Release|Any CPU.ActiveCfg = Release|Any CPU
		{5684C160-8C3A-49E6-80A6-2EADB7F300E1}.Release|Any CPU.Build.0 = Release|Any CPU
		{BF896C0B-8E21-4BBD-9CB0-D6ED1332BBEF}.Debug|Any CPU.ActiveCfg = Debug|Any CPU
		{BF896C0B-8E21-4BBD-9CB0-D6ED1332BBEF}.Debug|Any CPU.Build.0 = Debug|Any CPU
		{BF896C0B-8E21-4BBD-9CB0-D6ED1332BBEF}.Release|Any CPU.ActiveCfg = Release|Any CPU
		{BF896C0B-8E21-4BBD-9CB0-D6ED1332BBEF}.Release|Any CPU.Build.0 = Release|Any CPU
	EndGlobalSection
	GlobalSection(SolutionProperties) = preSolution
		HideSolutionNode = FALSE
	EndGlobalSection
	GlobalSection(ExtensibilityGlobals) = postSolution
		SolutionGuid = {BD2A5C76-9EB6-46EC-A070-737500587FF0}
	EndGlobalSection
EndGlobal
